
Microsoft Visual Studio Solution File, Format Version 11.00
# Visual Studio 2010
Project("{8BC9CEB8-8B4A-11D0-8D11-00A0C91BC942}") = "assignment0", "assignment0\assignment0.vcxproj", "{726953D6-CE2E-4141-8860-BC89DF087FFD}"
EndProject
Global
	GlobalSection(SolutionConfigurationPlatforms) = preSolution
		Debug|Win32 = Debug|Win32
		Release|Win32 = Release|Win32
	EndGlobalSection
	GlobalSection(ProjectConfigurationPlatforms) = postSolution
		{726953D6-CE2E-4141-8860-BC89DF087FFD}.Debug|Win32.ActiveCfg = Debug|Win32
		{726953D6-CE2E-4141-8860-BC89DF087FFD}.Debug|Win32.Build.0 = Debug|Win32
		{726953D6-CE2E-4141-8860-BC89DF087FFD}.Release|Win32.ActiveCfg = Release|Win32
		{726953D6-CE2E-4141-8860-BC89DF087FFD}.Release|Win32.Build.0 = Release|Win32
	EndGlobalSection
	GlobalSection(SolutionProperties) = preSolution
		HideSolutionNode = FALSE
	EndGlobalSection
EndGlobal
